// !$*UTF8*$!
{
	archiveVersion = 1;
	classes = {
	};
	objectVersion = 46;
	objects = {

/* Begin PBXBuildFile section */
		0C392E7DB52A16BA292B99D7 /* Pods_YEDouYuZB.framework in Frameworks */ = {isa = PBXBuildFile; fileRef = 88050EC0EFFA08F90D477660 /* Pods_YEDouYuZB.framework */; };
		B40AED7F1ED567BF008ED334 /* LiveModel.swift in Sources */ = {isa = PBXBuildFile; fileRef = B40AED7E1ED567BF008ED334 /* LiveModel.swift */; };
		B40AED811ED567E0008ED334 /* LiveViewModel.swift in Sources */ = {isa = PBXBuildFile; fileRef = B40AED801ED567E0008ED334 /* LiveViewModel.swift */; };
		B40AED831ED5868F008ED334 /* Live_DetailViewController.swift in Sources */ = {isa = PBXBuildFile; fileRef = B40AED821ED5868F008ED334 /* Live_DetailViewController.swift */; };
		B40AED8A1ED58AB1008ED334 /* LiveTopView.swift in Sources */ = {isa = PBXBuildFile; fileRef = B40AED891ED58AB1008ED334 /* LiveTopView.swift */; };
		B40AED8C1ED58AC5008ED334 /* LiveTopView.xib in Resources */ = {isa = PBXBuildFile; fileRef = B40AED8B1ED58AC5008ED334 /* LiveTopView.xib */; };
		B4209C531E8F523C00030408 /* GameViewModel.swift in Sources */ = {isa = PBXBuildFile; fileRef = B4209C521E8F523C00030408 /* GameViewModel.swift */; };
		B4209C551E8F8E5100030408 /* AmuseViewModel.swift in Sources */ = {isa = PBXBuildFile; fileRef = B4209C541E8F8E5100030408 /* AmuseViewModel.swift */; };
		B4209C571E8F8E5F00030408 /* FunnyViewModel.swift in Sources */ = {isa = PBXBuildFile; fileRef = B4209C561E8F8E5F00030408 /* FunnyViewModel.swift */; };
		B4209C591E8F964200030408 /* AmuseHeadView.swift in Sources */ = {isa = PBXBuildFile; fileRef = B4209C581E8F964200030408 /* AmuseHeadView.swift */; };
		B4209C5B1E8F965000030408 /* AmuseHeadView.xib in Resources */ = {isa = PBXBuildFile; fileRef = B4209C5A1E8F965000030408 /* AmuseHeadView.xib */; };
		B4209C5E1E8F967600030408 /* CollectionAmuseHeadCell.swift in Sources */ = {isa = PBXBuildFile; fileRef = B4209C5C1E8F967600030408 /* CollectionAmuseHeadCell.swift */; };
		B4209C5F1E8F967600030408 /* CollectionAmuseHeadCell.xib in Resources */ = {isa = PBXBuildFile; fileRef = B4209C5D1E8F967600030408 /* CollectionAmuseHeadCell.xib */; };
		B4365C2A1E51A3F2009F5237 /* NetworkTools.swift in Sources */ = {isa = PBXBuildFile; fileRef = B4365C291E51A3F2009F5237 /* NetworkTools.swift */; };
		B443939B1ED52D0900F285F1 /* Root_LiveViewController.swift in Sources */ = {isa = PBXBuildFile; fileRef = B443939A1ED52D0900F285F1 /* Root_LiveViewController.swift */; };
		B443939E1ED537E400F285F1 /* LiveListViewCell.swift in Sources */ = {isa = PBXBuildFile; fileRef = B443939C1ED537E400F285F1 /* LiveListViewCell.swift */; };
		B443939F1ED537E400F285F1 /* LiveListViewCell.xib in Resources */ = {isa = PBXBuildFile; fileRef = B443939D1ED537E400F285F1 /* LiveListViewCell.xib */; };
		B444576A1E8E01B700489431 /* RecommendCycleView.swift in Sources */ = {isa = PBXBuildFile; fileRef = B44457691E8E01B700489431 /* RecommendCycleView.swift */; };
		B444576C1E8E01D200489431 /* RecommendCycleView.xib in Resources */ = {isa = PBXBuildFile; fileRef = B444576B1E8E01D200489431 /* RecommendCycleView.xib */; };
		B444576F1E8E026400489431 /* CollectionCycleCell.swift in Sources */ = {isa = PBXBuildFile; fileRef = B444576D1E8E026400489431 /* CollectionCycleCell.swift */; };
		B44457701E8E026400489431 /* CollectionCycleCell.xib in Resources */ = {isa = PBXBuildFile; fileRef = B444576E1E8E026400489431 /* CollectionCycleCell.xib */; };
		B4480EAE1E4BFFD1003D9FA6 /* AppDelegate.swift in Sources */ = {isa = PBXBuildFile; fileRef = B4480EAD1E4BFFD1003D9FA6 /* AppDelegate.swift */; };
		B4480EB31E4BFFD1003D9FA6 /* Main.storyboard in Resources */ = {isa = PBXBuildFile; fileRef = B4480EB11E4BFFD1003D9FA6 /* Main.storyboard */; };
		B4480EB61E4BFFD2003D9FA6 /* YEDouYuZB.xcdatamodeld in Sources */ = {isa = PBXBuildFile; fileRef = B4480EB41E4BFFD1003D9FA6 /* YEDouYuZB.xcdatamodeld */; };
		B4480EB81E4BFFD2003D9FA6 /* Assets.xcassets in Resources */ = {isa = PBXBuildFile; fileRef = B4480EB71E4BFFD2003D9FA6 /* Assets.xcassets */; };
		B4480EBB1E4BFFD2003D9FA6 /* LaunchScreen.storyboard in Resources */ = {isa = PBXBuildFile; fileRef = B4480EB91E4BFFD2003D9FA6 /* LaunchScreen.storyboard */; };
		B4480EC61E4BFFD2003D9FA6 /* YEDouYuZBTests.swift in Sources */ = {isa = PBXBuildFile; fileRef = B4480EC51E4BFFD2003D9FA6 /* YEDouYuZBTests.swift */; };
		B4480ED11E4BFFD2003D9FA6 /* YEDouYuZBUITests.swift in Sources */ = {isa = PBXBuildFile; fileRef = B4480ED01E4BFFD2003D9FA6 /* YEDouYuZBUITests.swift */; };
		B4480EE01E4C0227003D9FA6 /* Home.storyboard in Resources */ = {isa = PBXBuildFile; fileRef = B4480EDE1E4C0227003D9FA6 /* Home.storyboard */; };
		B4480EEB1E4C0487003D9FA6 /* Images.xcassets in Resources */ = {isa = PBXBuildFile; fileRef = B4480EEA1E4C0487003D9FA6 /* Images.xcassets */; };
		B4480F021E4C0864003D9FA6 /* MainViewController.swift in Sources */ = {isa = PBXBuildFile; fileRef = B4480F011E4C0864003D9FA6 /* MainViewController.swift */; };
		B4480F041E4C14CF003D9FA6 /* Root_HomeViewController.swift in Sources */ = {isa = PBXBuildFile; fileRef = B4480F031E4C14CF003D9FA6 /* Root_HomeViewController.swift */; };
		B4480F091E4C1698003D9FA6 /* UIBarButtonItem+Extension.swift in Sources */ = {isa = PBXBuildFile; fileRef = B4480F081E4C1698003D9FA6 /* UIBarButtonItem+Extension.swift */; };
		B462A0041ED66A0800D68BE5 /* YEDomain.bundle in Resources */ = {isa = PBXBuildFile; fileRef = B462A0021ED66A0800D68BE5 /* YEDomain.bundle */; };
		B469773B1E53E7BE005078B9 /* BaseViewModel.swift in Sources */ = {isa = PBXBuildFile; fileRef = B469773A1E53E7BE005078B9 /* BaseViewModel.swift */; };
		B469773D1E53E7D6005078B9 /* BaseGameModel.swift in Sources */ = {isa = PBXBuildFile; fileRef = B469773C1E53E7D6005078B9 /* BaseGameModel.swift */; };
		B469773F1E53E7EF005078B9 /* AnchorGroup.swift in Sources */ = {isa = PBXBuildFile; fileRef = B469773E1E53E7EF005078B9 /* AnchorGroup.swift */; };
		B46977411E53E7FF005078B9 /* AnchorModel.swift in Sources */ = {isa = PBXBuildFile; fileRef = B46977401E53E7FF005078B9 /* AnchorModel.swift */; };
		B46977431E53E88B005078B9 /* RecommendViewModel.swift in Sources */ = {isa = PBXBuildFile; fileRef = B46977421E53E88B005078B9 /* RecommendViewModel.swift */; };
		B46977451E53F52A005078B9 /* CycleModel.swift in Sources */ = {isa = PBXBuildFile; fileRef = B46977441E53F52A005078B9 /* CycleModel.swift */; };
		B46977471E53F539005078B9 /* GameModel.swift in Sources */ = {isa = PBXBuildFile; fileRef = B46977461E53F539005078B9 /* GameModel.swift */; };
		B46B85D81E8CF350006534F9 /* CollectionNormalCell.swift in Sources */ = {isa = PBXBuildFile; fileRef = B46B85D61E8CF350006534F9 /* CollectionNormalCell.swift */; };
		B46B85D91E8CF350006534F9 /* CollectionNormalCell.xib in Resources */ = {isa = PBXBuildFile; fileRef = B46B85D71E8CF350006534F9 /* CollectionNormalCell.xib */; };
		B46B85DC1E8CF36E006534F9 /* CollectionPrettyCell.swift in Sources */ = {isa = PBXBuildFile; fileRef = B46B85DA1E8CF36E006534F9 /* CollectionPrettyCell.swift */; };
		B46B85DD1E8CF36E006534F9 /* CollectionPrettyCell.xib in Resources */ = {isa = PBXBuildFile; fileRef = B46B85DB1E8CF36E006534F9 /* CollectionPrettyCell.xib */; };
		B46B85DF1E8CF88C006534F9 /* CollectionBaseCell.swift in Sources */ = {isa = PBXBuildFile; fileRef = B46B85DE1E8CF88C006534F9 /* CollectionBaseCell.swift */; };
		B47587241ED672BC009B5887 /* libbz2.tbd in Frameworks */ = {isa = PBXBuildFile; fileRef = B47587231ED672BC009B5887 /* libbz2.tbd */; };
		B47587261ED672CC009B5887 /* libz.tbd in Frameworks */ = {isa = PBXBuildFile; fileRef = B47587251ED672CC009B5887 /* libz.tbd */; };
		B475877A1ED681E4009B5887 /* LiveTopCollectionView.swift in Sources */ = {isa = PBXBuildFile; fileRef = B47587791ED681E4009B5887 /* LiveTopCollectionView.swift */; };
		B475877D1ED6821C009B5887 /* LiveTopCollectionViewCell.swift in Sources */ = {isa = PBXBuildFile; fileRef = B475877B1ED6821C009B5887 /* LiveTopCollectionViewCell.swift */; };
		B475877E1ED6821C009B5887 /* LiveTopCollectionViewCell.xib in Resources */ = {isa = PBXBuildFile; fileRef = B475877C1ED6821C009B5887 /* LiveTopCollectionViewCell.xib */; };
		B47587801ED6841C009B5887 /* YEAnimationTool.swift in Sources */ = {isa = PBXBuildFile; fileRef = B475877F1ED6841C009B5887 /* YEAnimationTool.swift */; };
		B47766021E8E370800270ED8 /* RecommendGameView.swift in Sources */ = {isa = PBXBuildFile; fileRef = B47766011E8E370800270ED8 /* RecommendGameView.swift */; };
		B47766041E8E371800270ED8 /* RecommendGameView.xib in Resources */ = {isa = PBXBuildFile; fileRef = B47766031E8E371800270ED8 /* RecommendGameView.xib */; };
		B47766091E8E37CC00270ED8 /* CollectionGameCell.swift in Sources */ = {isa = PBXBuildFile; fileRef = B47766071E8E37CC00270ED8 /* CollectionGameCell.swift */; };
		B477660A1E8E37CC00270ED8 /* CollectionGameCell.xib in Resources */ = {isa = PBXBuildFile; fileRef = B47766081E8E37CC00270ED8 /* CollectionGameCell.xib */; };
		B47CCBDC1E94905900BDBF2F /* Live.storyboard in Resources */ = {isa = PBXBuildFile; fileRef = B47CCBDA1E94905900BDBF2F /* Live.storyboard */; };
		B47CCBDF1E94906400BDBF2F /* Discover.storyboard in Resources */ = {isa = PBXBuildFile; fileRef = B47CCBDD1E94906400BDBF2F /* Discover.storyboard */; };
		B47CCBE21E94906E00BDBF2F /* Profile.storyboard in Resources */ = {isa = PBXBuildFile; fileRef = B47CCBE01E94906E00BDBF2F /* Profile.storyboard */; };
		B47CCBE51E9490F600BDBF2F /* RoomShowViewController.swift in Sources */ = {isa = PBXBuildFile; fileRef = B47CCBE41E9490F600BDBF2F /* RoomShowViewController.swift */; };
		B47CCBE71E94911300BDBF2F /* RoomNormalViewController.swift in Sources */ = {isa = PBXBuildFile; fileRef = B47CCBE61E94911300BDBF2F /* RoomNormalViewController.swift */; };
		B48F534C1E55A51500496C54 /* CollectionHeaderView.swift in Sources */ = {isa = PBXBuildFile; fileRef = B48F534A1E55A51500496C54 /* CollectionHeaderView.swift */; };
		B48F534D1E55A51500496C54 /* CollectionHeaderView.xib in Resources */ = {isa = PBXBuildFile; fileRef = B48F534B1E55A51500496C54 /* CollectionHeaderView.xib */; };
		B49405BD1E543A8D009C1CBD /* BaseViewController.swift in Sources */ = {isa = PBXBuildFile; fileRef = B49405BC1E543A8D009C1CBD /* BaseViewController.swift */; };
		B49405BF1E543AA8009C1CBD /* BaseAnchorViewController.swift in Sources */ = {isa = PBXBuildFile; fileRef = B49405BE1E543AA8009C1CBD /* BaseAnchorViewController.swift */; };
		B49405C11E543ADE009C1CBD /* CustomNavigationController.swift in Sources */ = {isa = PBXBuildFile; fileRef = B49405C01E543ADE009C1CBD /* CustomNavigationController.swift */; };
		B4A3FA2E1ED7D66C00C51236 /* libc++.1.dylib in Frameworks */ = {isa = PBXBuildFile; fileRef = B4A3FA2D1ED7D66C00C51236 /* libc++.1.dylib */; };
		B4D093521E4D5161006F63DB /* UIColor+Extension.swift in Sources */ = {isa = PBXBuildFile; fileRef = B4D093511E4D5161006F63DB /* UIColor+Extension.swift */; };
		B4D093541E4D5183006F63DB /* NSDate+Extension.swift in Sources */ = {isa = PBXBuildFile; fileRef = B4D093531E4D5183006F63DB /* NSDate+Extension.swift */; };
		B4D093561E4D52FA006F63DB /* Common.swift in Sources */ = {isa = PBXBuildFile; fileRef = B4D093551E4D52FA006F63DB /* Common.swift */; };
		B4D093581E4D53B7006F63DB /* PageTitleView.swift in Sources */ = {isa = PBXBuildFile; fileRef = B4D093571E4D53B7006F63DB /* PageTitleView.swift */; };
		B4D0935A1E4D53D3006F63DB /* PageContentView.swift in Sources */ = {isa = PBXBuildFile; fileRef = B4D093591E4D53D3006F63DB /* PageContentView.swift */; };
		B4D0935C1E4DA7C4006F63DB /* RecommendViewController.swift in Sources */ = {isa = PBXBuildFile; fileRef = B4D0935B1E4DA7C4006F63DB /* RecommendViewController.swift */; };
		B4D0935E1E4DA7D5006F63DB /* GameViewController.swift in Sources */ = {isa = PBXBuildFile; fileRef = B4D0935D1E4DA7D5006F63DB /* GameViewController.swift */; };
		B4D093601E4DA936006F63DB /* AmuseViewController.swift in Sources */ = {isa = PBXBuildFile; fileRef = B4D0935F1E4DA936006F63DB /* AmuseViewController.swift */; };
		B4D093621E4DA949006F63DB /* FunnyViewController.swift in Sources */ = {isa = PBXBuildFile; fileRef = B4D093611E4DA949006F63DB /* FunnyViewController.swift */; };
/* End PBXBuildFile section */

/* Begin PBXContainerItemProxy section */
		B4480EC21E4BFFD2003D9FA6 /* PBXContainerItemProxy */ = {
			isa = PBXContainerItemProxy;
			containerPortal = B4480EA21E4BFFD1003D9FA6 /* Project object */;
			proxyType = 1;
			remoteGlobalIDString = B4480EA91E4BFFD1003D9FA6;
			remoteInfo = YEDouYuZB;
		};
		B4480ECD1E4BFFD2003D9FA6 /* PBXContainerItemProxy */ = {
			isa = PBXContainerItemProxy;
			containerPortal = B4480EA21E4BFFD1003D9FA6 /* Project object */;
			proxyType = 1;
			remoteGlobalIDString = B4480EA91E4BFFD1003D9FA6;
			remoteInfo = YEDouYuZB;
		};
/* End PBXContainerItemProxy section */

/* Begin PBXFileReference section */
		024D6DBCD3BDAD2C19F67512 /* Pods-YEDouYuZB.debug.xcconfig */ = {isa = PBXFileReference; includeInIndex = 1; lastKnownFileType = text.xcconfig; name = "Pods-YEDouYuZB.debug.xcconfig"; path = "Pods/Target Support Files/Pods-YEDouYuZB/Pods-YEDouYuZB.debug.xcconfig"; sourceTree = "<group>"; };
		5ECC57B947BC1E6D2DC1C724 /* Pods-YEDouYuZB.release.xcconfig */ = {isa = PBXFileReference; includeInIndex = 1; lastKnownFileType = text.xcconfig; name = "Pods-YEDouYuZB.release.xcconfig"; path = "Pods/Target Support Files/Pods-YEDouYuZB/Pods-YEDouYuZB.release.xcconfig"; sourceTree = "<group>"; };
		88050EC0EFFA08F90D477660 /* Pods_YEDouYuZB.framework */ = {isa = PBXFileReference; explicitFileType = wrapper.framework; includeInIndex = 0; path = Pods_YEDouYuZB.framework; sourceTree = BUILT_PRODUCTS_DIR; };
		9530FB48084B55256EA1EC84 /* Pods_YEDouYuZBTests.framework */ = {isa = PBXFileReference; explicitFileType = wrapper.framework; includeInIndex = 0; path = Pods_YEDouYuZBTests.framework; sourceTree = BUILT_PRODUCTS_DIR; };
		B310A777F646D70BF65F2B38 /* Pods_YEDouYuZBUITests.framework */ = {isa = PBXFileReference; explicitFileType = wrapper.framework; includeInIndex = 0; path = Pods_YEDouYuZBUITests.framework; sourceTree = BUILT_PRODUCTS_DIR; };
		B40AED7E1ED567BF008ED334 /* LiveModel.swift */ = {isa = PBXFileReference; fileEncoding = 4; lastKnownFileType = sourcecode.swift; path = LiveModel.swift; sourceTree = "<group>"; };
		B40AED801ED567E0008ED334 /* LiveViewModel.swift */ = {isa = PBXFileReference; fileEncoding = 4; lastKnownFileType = sourcecode.swift; path = LiveViewModel.swift; sourceTree = "<group>"; };
		B40AED821ED5868F008ED334 /* Live_DetailViewController.swift */ = {isa = PBXFileReference; fileEncoding = 4; lastKnownFileType = sourcecode.swift; path = Live_DetailViewController.swift; sourceTree = "<group>"; };
		B40AED891ED58AB1008ED334 /* LiveTopView.swift */ = {isa = PBXFileReference; fileEncoding = 4; lastKnownFileType = sourcecode.swift; path = LiveTopView.swift; sourceTree = "<group>"; };
		B40AED8B1ED58AC5008ED334 /* LiveTopView.xib */ = {isa = PBXFileReference; fileEncoding = 4; lastKnownFileType = file.xib; path = LiveTopView.xib; sourceTree = "<group>"; };
		B4209C521E8F523C00030408 /* GameViewModel.swift */ = {isa = PBXFileReference; fileEncoding = 4; lastKnownFileType = sourcecode.swift; path = GameViewModel.swift; sourceTree = "<group>"; };
		B4209C541E8F8E5100030408 /* AmuseViewModel.swift */ = {isa = PBXFileReference; fileEncoding = 4; lastKnownFileType = sourcecode.swift; path = AmuseViewModel.swift; sourceTree = "<group>"; };
		B4209C561E8F8E5F00030408 /* FunnyViewModel.swift */ = {isa = PBXFileReference; fileEncoding = 4; lastKnownFileType = sourcecode.swift; path = FunnyViewModel.swift; sourceTree = "<group>"; };
		B4209C581E8F964200030408 /* AmuseHeadView.swift */ = {isa = PBXFileReference; fileEncoding = 4; lastKnownFileType = sourcecode.swift; path = AmuseHeadView.swift; sourceTree = "<group>"; };
		B4209C5A1E8F965000030408 /* AmuseHeadView.xib */ = {isa = PBXFileReference; fileEncoding = 4; lastKnownFileType = file.xib; path = AmuseHeadView.xib; sourceTree = "<group>"; };
		B4209C5C1E8F967600030408 /* CollectionAmuseHeadCell.swift */ = {isa = PBXFileReference; fileEncoding = 4; lastKnownFileType = sourcecode.swift; path = CollectionAmuseHeadCell.swift; sourceTree = "<group>"; };
		B4209C5D1E8F967600030408 /* CollectionAmuseHeadCell.xib */ = {isa = PBXFileReference; fileEncoding = 4; lastKnownFileType = file.xib; path = CollectionAmuseHeadCell.xib; sourceTree = "<group>"; };
		B4365C291E51A3F2009F5237 /* NetworkTools.swift */ = {isa = PBXFileReference; fileEncoding = 4; lastKnownFileType = sourcecode.swift; path = NetworkTools.swift; sourceTree = "<group>"; };
		B443939A1ED52D0900F285F1 /* Root_LiveViewController.swift */ = {isa = PBXFileReference; fileEncoding = 4; lastKnownFileType = sourcecode.swift; path = Root_LiveViewController.swift; sourceTree = "<group>"; };
		B443939C1ED537E400F285F1 /* LiveListViewCell.swift */ = {isa = PBXFileReference; fileEncoding = 4; lastKnownFileType = sourcecode.swift; path = LiveListViewCell.swift; sourceTree = "<group>"; };
		B443939D1ED537E400F285F1 /* LiveListViewCell.xib */ = {isa = PBXFileReference; fileEncoding = 4; lastKnownFileType = file.xib; path = LiveListViewCell.xib; sourceTree = "<group>"; };
		B44457691E8E01B700489431 /* RecommendCycleView.swift */ = {isa = PBXFileReference; fileEncoding = 4; lastKnownFileType = sourcecode.swift; path = RecommendCycleView.swift; sourceTree = "<group>"; };
		B444576B1E8E01D200489431 /* RecommendCycleView.xib */ = {isa = PBXFileReference; fileEncoding = 4; lastKnownFileType = file.xib; path = RecommendCycleView.xib; sourceTree = "<group>"; };
		B444576D1E8E026400489431 /* CollectionCycleCell.swift */ = {isa = PBXFileReference; fileEncoding = 4; lastKnownFileType = sourcecode.swift; path = CollectionCycleCell.swift; sourceTree = "<group>"; };
		B444576E1E8E026400489431 /* CollectionCycleCell.xib */ = {isa = PBXFileReference; fileEncoding = 4; lastKnownFileType = file.xib; path = CollectionCycleCell.xib; sourceTree = "<group>"; };
		B4480EAA1E4BFFD1003D9FA6 /* YEDouYuZB.app */ = {isa = PBXFileReference; explicitFileType = wrapper.application; includeInIndex = 0; path = YEDouYuZB.app; sourceTree = BUILT_PRODUCTS_DIR; };
		B4480EAD1E4BFFD1003D9FA6 /* AppDelegate.swift */ = {isa = PBXFileReference; lastKnownFileType = sourcecode.swift; path = AppDelegate.swift; sourceTree = "<group>"; };
		B4480EB21E4BFFD1003D9FA6 /* Base */ = {isa = PBXFileReference; lastKnownFileType = file.storyboard; name = Base; path = Base.lproj/Main.storyboard; sourceTree = "<group>"; };
		B4480EB51E4BFFD1003D9FA6 /* YEDouYuZB.xcdatamodel */ = {isa = PBXFileReference; lastKnownFileType = wrapper.xcdatamodel; path = YEDouYuZB.xcdatamodel; sourceTree = "<group>"; };
		B4480EB71E4BFFD2003D9FA6 /* Assets.xcassets */ = {isa = PBXFileReference; lastKnownFileType = folder.assetcatalog; path = Assets.xcassets; sourceTree = "<group>"; };
		B4480EBA1E4BFFD2003D9FA6 /* Base */ = {isa = PBXFileReference; lastKnownFileType = file.storyboard; name = Base; path = Base.lproj/LaunchScreen.storyboard; sourceTree = "<group>"; };
		B4480EBC1E4BFFD2003D9FA6 /* Info.plist */ = {isa = PBXFileReference; lastKnownFileType = text.plist.xml; path = Info.plist; sourceTree = "<group>"; };
		B4480EC11E4BFFD2003D9FA6 /* YEDouYuZBTests.xctest */ = {isa = PBXFileReference; explicitFileType = wrapper.cfbundle; includeInIndex = 0; path = YEDouYuZBTests.xctest; sourceTree = BUILT_PRODUCTS_DIR; };
		B4480EC51E4BFFD2003D9FA6 /* YEDouYuZBTests.swift */ = {isa = PBXFileReference; lastKnownFileType = sourcecode.swift; path = YEDouYuZBTests.swift; sourceTree = "<group>"; };
		B4480EC71E4BFFD2003D9FA6 /* Info.plist */ = {isa = PBXFileReference; lastKnownFileType = text.plist.xml; path = Info.plist; sourceTree = "<group>"; };
		B4480ECC1E4BFFD2003D9FA6 /* YEDouYuZBUITests.xctest */ = {isa = PBXFileReference; explicitFileType = wrapper.cfbundle; includeInIndex = 0; path = YEDouYuZBUITests.xctest; sourceTree = BUILT_PRODUCTS_DIR; };
		B4480ED01E4BFFD2003D9FA6 /* YEDouYuZBUITests.swift */ = {isa = PBXFileReference; lastKnownFileType = sourcecode.swift; path = YEDouYuZBUITests.swift; sourceTree = "<group>"; };
		B4480ED21E4BFFD2003D9FA6 /* Info.plist */ = {isa = PBXFileReference; lastKnownFileType = text.plist.xml; path = Info.plist; sourceTree = "<group>"; };
		B4480EDF1E4C0227003D9FA6 /* Base */ = {isa = PBXFileReference; lastKnownFileType = file.storyboard; name = Base; path = Base.lproj/Home.storyboard; sourceTree = "<group>"; };
		B4480EEA1E4C0487003D9FA6 /* Images.xcassets */ = {isa = PBXFileReference; lastKnownFileType = folder.assetcatalog; path = Images.xcassets; sourceTree = "<group>"; };
		B4480F011E4C0864003D9FA6 /* MainViewController.swift */ = {isa = PBXFileReference; fileEncoding = 4; lastKnownFileType = sourcecode.swift; path = MainViewController.swift; sourceTree = "<group>"; };
		B4480F031E4C14CF003D9FA6 /* Root_HomeViewController.swift */ = {isa = PBXFileReference; fileEncoding = 4; lastKnownFileType = sourcecode.swift; path = Root_HomeViewController.swift; sourceTree = "<group>"; };
		B4480F081E4C1698003D9FA6 /* UIBarButtonItem+Extension.swift */ = {isa = PBXFileReference; fileEncoding = 4; lastKnownFileType = sourcecode.swift; path = "UIBarButtonItem+Extension.swift"; sourceTree = "<group>"; };
		B462A0021ED66A0800D68BE5 /* YEDomain.bundle */ = {isa = PBXFileReference; lastKnownFileType = "wrapper.plug-in"; path = YEDomain.bundle; sourceTree = "<group>"; };
		B462A0051ED66B5100D68BE5 /* LFLiveKit.framework */ = {isa = PBXFileReference; lastKnownFileType = wrapper.framework; name = LFLiveKit.framework; path = "../../../../Library/Developer/Xcode/DerivedData/YEDouYuZB-adnvcygbicdknugpsvmlpcxqzhho/Build/Products/Debug-iphonesimulator/LFLiveKit/LFLiveKit.framework"; sourceTree = "<group>"; };
		B462A0071ED66B5800D68BE5 /* SwiftyJSON.framework */ = {isa = PBXFileReference; lastKnownFileType = wrapper.framework; name = SwiftyJSON.framework; path = "../../../../Library/Developer/Xcode/DerivedData/YEDouYuZB-adnvcygbicdknugpsvmlpcxqzhho/Build/Products/Debug-iphonesimulator/SwiftyJSON/SwiftyJSON.framework"; sourceTree = "<group>"; };
		B462A0091ED66B5E00D68BE5 /* Alamofire.framework */ = {isa = PBXFileReference; lastKnownFileType = wrapper.framework; name = Alamofire.framework; path = "../../../../Library/Developer/Xcode/DerivedData/YEDouYuZB-adnvcygbicdknugpsvmlpcxqzhho/Build/Products/Debug-iphonesimulator/Alamofire/Alamofire.framework"; sourceTree = "<group>"; };
		B469773A1E53E7BE005078B9 /* BaseViewModel.swift */ = {isa = PBXFileReference; fileEncoding = 4; lastKnownFileType = sourcecode.swift; path = BaseViewModel.swift; sourceTree = "<group>"; };
		B469773C1E53E7D6005078B9 /* BaseGameModel.swift */ = {isa = PBXFileReference; fileEncoding = 4; lastKnownFileType = sourcecode.swift; path = BaseGameModel.swift; sourceTree = "<group>"; };
		B469773E1E53E7EF005078B9 /* AnchorGroup.swift */ = {isa = PBXFileReference; fileEncoding = 4; lastKnownFileType = sourcecode.swift; path = AnchorGroup.swift; sourceTree = "<group>"; };
		B46977401E53E7FF005078B9 /* AnchorModel.swift */ = {isa = PBXFileReference; fileEncoding = 4; lastKnownFileType = sourcecode.swift; path = AnchorModel.swift; sourceTree = "<group>"; };
		B46977421E53E88B005078B9 /* RecommendViewModel.swift */ = {isa = PBXFileReference; fileEncoding = 4; lastKnownFileType = sourcecode.swift; path = RecommendViewModel.swift; sourceTree = "<group>"; };
		B46977441E53F52A005078B9 /* CycleModel.swift */ = {isa = PBXFileReference; fileEncoding = 4; lastKnownFileType = sourcecode.swift; path = CycleModel.swift; sourceTree = "<group>"; };
		B46977461E53F539005078B9 /* GameModel.swift */ = {isa = PBXFileReference; fileEncoding = 4; lastKnownFileType = sourcecode.swift; path = GameModel.swift; sourceTree = "<group>"; };
		B46B85D61E8CF350006534F9 /* CollectionNormalCell.swift */ = {isa = PBXFileReference; fileEncoding = 4; lastKnownFileType = sourcecode.swift; path = CollectionNormalCell.swift; sourceTree = "<group>"; };
		B46B85D71E8CF350006534F9 /* CollectionNormalCell.xib */ = {isa = PBXFileReference; fileEncoding = 4; lastKnownFileType = file.xib; path = CollectionNormalCell.xib; sourceTree = "<group>"; };
		B46B85DA1E8CF36E006534F9 /* CollectionPrettyCell.swift */ = {isa = PBXFileReference; fileEncoding = 4; lastKnownFileType = sourcecode.swift; path = CollectionPrettyCell.swift; sourceTree = "<group>"; };
		B46B85DB1E8CF36E006534F9 /* CollectionPrettyCell.xib */ = {isa = PBXFileReference; fileEncoding = 4; lastKnownFileType = file.xib; path = CollectionPrettyCell.xib; sourceTree = "<group>"; };
		B46B85DE1E8CF88C006534F9 /* CollectionBaseCell.swift */ = {isa = PBXFileReference; fileEncoding = 4; lastKnownFileType = sourcecode.swift; path = CollectionBaseCell.swift; sourceTree = "<group>"; };
		B47587231ED672BC009B5887 /* libbz2.tbd */ = {isa = PBXFileReference; lastKnownFileType = "sourcecode.text-based-dylib-definition"; name = libbz2.tbd; path = usr/lib/libbz2.tbd; sourceTree = SDKROOT; };
		B47587251ED672CC009B5887 /* libz.tbd */ = {isa = PBXFileReference; lastKnownFileType = "sourcecode.text-based-dylib-definition"; name = libz.tbd; path = usr/lib/libz.tbd; sourceTree = SDKROOT; };
		B47587271ED672D7009B5887 /* VideoToolbox.framework */ = {isa = PBXFileReference; lastKnownFileType = wrapper.framework; name = VideoToolbox.framework; path = System/Library/Frameworks/VideoToolbox.framework; sourceTree = SDKROOT; };
		B47587291ED672E1009B5887 /* AudioToolbox.framework */ = {isa = PBXFileReference; lastKnownFileType = wrapper.framework; name = AudioToolbox.framework; path = System/Library/Frameworks/AudioToolbox.framework; sourceTree = SDKROOT; };
		B475872B1ED672F4009B5887 /* MediaPlayer.framework */ = {isa = PBXFileReference; lastKnownFileType = wrapper.framework; name = MediaPlayer.framework; path = System/Library/Frameworks/MediaPlayer.framework; sourceTree = SDKROOT; };
		B47587301ED6738B009B5887 /* YEDouYuZB-Bridging-Header.h */ = {isa = PBXFileReference; fileEncoding = 4; lastKnownFileType = sourcecode.c.h; path = "YEDouYuZB-Bridging-Header.h"; sourceTree = "<group>"; };
		B47587791ED681E4009B5887 /* LiveTopCollectionView.swift */ = {isa = PBXFileReference; fileEncoding = 4; lastKnownFileType = sourcecode.swift; path = LiveTopCollectionView.swift; sourceTree = "<group>"; };
		B475877B1ED6821C009B5887 /* LiveTopCollectionViewCell.swift */ = {isa = PBXFileReference; fileEncoding = 4; lastKnownFileType = sourcecode.swift; path = LiveTopCollectionViewCell.swift; sourceTree = "<group>"; };
		B475877C1ED6821C009B5887 /* LiveTopCollectionViewCell.xib */ = {isa = PBXFileReference; fileEncoding = 4; lastKnownFileType = file.xib; path = LiveTopCollectionViewCell.xib; sourceTree = "<group>"; };
		B475877F1ED6841C009B5887 /* YEAnimationTool.swift */ = {isa = PBXFileReference; fileEncoding = 4; lastKnownFileType = sourcecode.swift; path = YEAnimationTool.swift; sourceTree = "<group>"; };
		B47766011E8E370800270ED8 /* RecommendGameView.swift */ = {isa = PBXFileReference; fileEncoding = 4; lastKnownFileType = sourcecode.swift; path = RecommendGameView.swift; sourceTree = "<group>"; };
		B47766031E8E371800270ED8 /* RecommendGameView.xib */ = {isa = PBXFileReference; fileEncoding = 4; lastKnownFileType = file.xib; path = RecommendGameView.xib; sourceTree = "<group>"; };
		B47766071E8E37CC00270ED8 /* CollectionGameCell.swift */ = {isa = PBXFileReference; fileEncoding = 4; lastKnownFileType = sourcecode.swift; path = CollectionGameCell.swift; sourceTree = "<group>"; };
		B47766081E8E37CC00270ED8 /* CollectionGameCell.xib */ = {isa = PBXFileReference; fileEncoding = 4; lastKnownFileType = file.xib; path = CollectionGameCell.xib; sourceTree = "<group>"; };
		B47CCBDB1E94905900BDBF2F /* Base */ = {isa = PBXFileReference; lastKnownFileType = file.storyboard; name = Base; path = YEDouYuZB/Base.lproj/Live.storyboard; sourceTree = SOURCE_ROOT; };
		B47CCBDE1E94906400BDBF2F /* Base */ = {isa = PBXFileReference; lastKnownFileType = file.storyboard; name = Base; path = YEDouYuZB/Base.lproj/Discover.storyboard; sourceTree = SOURCE_ROOT; };
		B47CCBE11E94906E00BDBF2F /* Base */ = {isa = PBXFileReference; lastKnownFileType = file.storyboard; name = Base; path = YEDouYuZB/Base.lproj/Profile.storyboard; sourceTree = SOURCE_ROOT; };
		B47CCBE41E9490F600BDBF2F /* RoomShowViewController.swift */ = {isa = PBXFileReference; fileEncoding = 4; lastKnownFileType = sourcecode.swift; path = RoomShowViewController.swift; sourceTree = "<group>"; };
		B47CCBE61E94911300BDBF2F /* RoomNormalViewController.swift */ = {isa = PBXFileReference; fileEncoding = 4; lastKnownFileType = sourcecode.swift; path = RoomNormalViewController.swift; sourceTree = "<group>"; };
		B48F534A1E55A51500496C54 /* CollectionHeaderView.swift */ = {isa = PBXFileReference; fileEncoding = 4; lastKnownFileType = sourcecode.swift; path = CollectionHeaderView.swift; sourceTree = "<group>"; };
		B48F534B1E55A51500496C54 /* CollectionHeaderView.xib */ = {isa = PBXFileReference; fileEncoding = 4; lastKnownFileType = file.xib; path = CollectionHeaderView.xib; sourceTree = "<group>"; };
		B49405BC1E543A8D009C1CBD /* BaseViewController.swift */ = {isa = PBXFileReference; fileEncoding = 4; lastKnownFileType = sourcecode.swift; path = BaseViewController.swift; sourceTree = "<group>"; };
		B49405BE1E543AA8009C1CBD /* BaseAnchorViewController.swift */ = {isa = PBXFileReference; fileEncoding = 4; lastKnownFileType = sourcecode.swift; path = BaseAnchorViewController.swift; sourceTree = "<group>"; };
		B49405C01E543ADE009C1CBD /* CustomNavigationController.swift */ = {isa = PBXFileReference; fileEncoding = 4; lastKnownFileType = sourcecode.swift; path = CustomNavigationController.swift; sourceTree = "<group>"; };
		B4A3FA2D1ED7D66C00C51236 /* libc++.1.dylib */ = {isa = PBXFileReference; lastKnownFileType = "compiled.mach-o.dylib"; name = "libc++.1.dylib"; path = "../../../../../../usr/lib/libc++.1.dylib"; sourceTree = "<group>"; };
		B4D093511E4D5161006F63DB /* UIColor+Extension.swift */ = {isa = PBXFileReference; fileEncoding = 4; lastKnownFileType = sourcecode.swift; path = "UIColor+Extension.swift"; sourceTree = "<group>"; };
		B4D093531E4D5183006F63DB /* NSDate+Extension.swift */ = {isa = PBXFileReference; fileEncoding = 4; lastKnownFileType = sourcecode.swift; path = "NSDate+Extension.swift"; sourceTree = "<group>"; };
		B4D093551E4D52FA006F63DB /* Common.swift */ = {isa = PBXFileReference; fileEncoding = 4; lastKnownFileType = sourcecode.swift; path = Common.swift; sourceTree = "<group>"; };
		B4D093571E4D53B7006F63DB /* PageTitleView.swift */ = {isa = PBXFileReference; fileEncoding = 4; lastKnownFileType = sourcecode.swift; path = PageTitleView.swift; sourceTree = "<group>"; };
		B4D093591E4D53D3006F63DB /* PageContentView.swift */ = {isa = PBXFileReference; fileEncoding = 4; lastKnownFileType = sourcecode.swift; path = PageContentView.swift; sourceTree = "<group>"; };
		B4D0935B1E4DA7C4006F63DB /* RecommendViewController.swift */ = {isa = PBXFileReference; fileEncoding = 4; lastKnownFileType = sourcecode.swift; path = RecommendViewController.swift; sourceTree = "<group>"; };
		B4D0935D1E4DA7D5006F63DB /* GameViewController.swift */ = {isa = PBXFileReference; fileEncoding = 4; lastKnownFileType = sourcecode.swift; path = GameViewController.swift; sourceTree = "<group>"; };
		B4D0935F1E4DA936006F63DB /* AmuseViewController.swift */ = {isa = PBXFileReference; fileEncoding = 4; lastKnownFileType = sourcecode.swift; path = AmuseViewController.swift; sourceTree = "<group>"; };
		B4D093611E4DA949006F63DB /* FunnyViewController.swift */ = {isa = PBXFileReference; fileEncoding = 4; lastKnownFileType = sourcecode.swift; path = FunnyViewController.swift; sourceTree = "<group>"; };
/* End PBXFileReference section */

/* Begin PBXFrameworksBuildPhase section */
		B4480EA71E4BFFD1003D9FA6 /* Frameworks */ = {
			isa = PBXFrameworksBuildPhase;
			buildActionMask = 2147483647;
			files = (
				B4A3FA2E1ED7D66C00C51236 /* libc++.1.dylib in Frameworks */,
				B47587261ED672CC009B5887 /* libz.tbd in Frameworks */,
				B47587241ED672BC009B5887 /* libbz2.tbd in Frameworks */,
				0C392E7DB52A16BA292B99D7 /* Pods_YEDouYuZB.framework in Frameworks */,
			);
			runOnlyForDeploymentPostprocessing = 0;
		};
		B4480EBE1E4BFFD2003D9FA6 /* Frameworks */ = {
			isa = PBXFrameworksBuildPhase;
			buildActionMask = 2147483647;
			files = (
			);
			runOnlyForDeploymentPostprocessing = 0;
		};
		B4480EC91E4BFFD2003D9FA6 /* Frameworks */ = {
			isa = PBXFrameworksBuildPhase;
			buildActionMask = 2147483647;
			files = (
			);
			runOnlyForDeploymentPostprocessing = 0;
		};
/* End PBXFrameworksBuildPhase section */

/* Begin PBXGroup section */
		A4C01CD2B2218FF66813C2E3 /* Pods */ = {
			isa = PBXGroup;
			children = (
				024D6DBCD3BDAD2C19F67512 /* Pods-YEDouYuZB.debug.xcconfig */,
				5ECC57B947BC1E6D2DC1C724 /* Pods-YEDouYuZB.release.xcconfig */,
			);
			name = Pods;
			sourceTree = "<group>";
		};
		B4365BD11E519E25009F5237 /* Libs */ = {
			isa = PBXGroup;
			children = (
			);
			path = Libs;
			sourceTree = "<group>";
		};
		B44393961ED52CD500F285F1 /* ViewModels */ = {
			isa = PBXGroup;
			children = (
				B40AED801ED567E0008ED334 /* LiveViewModel.swift */,
			);
			path = ViewModels;
			sourceTree = "<group>";
		};
		B44393971ED52CD500F285F1 /* Models */ = {
			isa = PBXGroup;
			children = (
				B40AED7E1ED567BF008ED334 /* LiveModel.swift */,
			);
			path = Models;
			sourceTree = "<group>";
		};
		B44393981ED52CD500F285F1 /* Controlls */ = {
			isa = PBXGroup;
			children = (
				B47CCBDA1E94905900BDBF2F /* Live.storyboard */,
				B443939A1ED52D0900F285F1 /* Root_LiveViewController.swift */,
				B40AED821ED5868F008ED334 /* Live_DetailViewController.swift */,
				B47587301ED6738B009B5887 /* YEDouYuZB-Bridging-Header.h */,
			);
			path = Controlls;
			sourceTree = "<group>";
		};
		B44393991ED52CD500F285F1 /* Views */ = {
			isa = PBXGroup;
			children = (
				B443939C1ED537E400F285F1 /* LiveListViewCell.swift */,
				B443939D1ED537E400F285F1 /* LiveListViewCell.xib */,
				B40AED891ED58AB1008ED334 /* LiveTopView.swift */,
				B40AED8B1ED58AC5008ED334 /* LiveTopView.xib */,
				B47587791ED681E4009B5887 /* LiveTopCollectionView.swift */,
				B475877B1ED6821C009B5887 /* LiveTopCollectionViewCell.swift */,
				B475877C1ED6821C009B5887 /* LiveTopCollectionViewCell.xib */,
			);
			path = Views;
			sourceTree = "<group>";
		};
		B4480EA11E4BFFD1003D9FA6 = {
			isa = PBXGroup;
			children = (
				B4480EAC1E4BFFD1003D9FA6 /* YEDouYuZB */,
				B4480EC41E4BFFD2003D9FA6 /* YEDouYuZBTests */,
				B4480ECF1E4BFFD2003D9FA6 /* YEDouYuZBUITests */,
				B4480EAB1E4BFFD1003D9FA6 /* Products */,
				A4C01CD2B2218FF66813C2E3 /* Pods */,
				B449E6642F37D0F7B831C874 /* Frameworks */,
			);
			sourceTree = "<group>";
		};
		B4480EAB1E4BFFD1003D9FA6 /* Products */ = {
			isa = PBXGroup;
			children = (
				B4480EAA1E4BFFD1003D9FA6 /* YEDouYuZB.app */,
				B4480EC11E4BFFD2003D9FA6 /* YEDouYuZBTests.xctest */,
				B4480ECC1E4BFFD2003D9FA6 /* YEDouYuZBUITests.xctest */,
			);
			name = Products;
			sourceTree = "<group>";
		};
		B4480EAC1E4BFFD1003D9FA6 /* YEDouYuZB */ = {
			isa = PBXGroup;
			children = (
				B462A0001ED66A0800D68BE5 /* Other */,
				B47CCBE31E9490B500BDBF2F /* Room */,
				B4365BD11E519E25009F5237 /* Libs */,
				B4480F051E4C1661003D9FA6 /* Siwft_Category */,
				B4480EF81E4C0715003D9FA6 /* Main */,
				B4480EF01E4C0715003D9FA6 /* Home */,
				B4480EF41E4C0715003D9FA6 /* Live */,
				B4480EEC1E4C0715003D9FA6 /* Discover */,
				B4480EFC1E4C0715003D9FA6 /* Profile */,
				B4480F001E4C0715003D9FA6 /* Tools */,
				B4480EAD1E4BFFD1003D9FA6 /* AppDelegate.swift */,
				B4480EB71E4BFFD2003D9FA6 /* Assets.xcassets */,
				B4480EB91E4BFFD2003D9FA6 /* LaunchScreen.storyboard */,
				B4480EBC1E4BFFD2003D9FA6 /* Info.plist */,
				B4480EB41E4BFFD1003D9FA6 /* YEDouYuZB.xcdatamodeld */,
				B4480EEA1E4C0487003D9FA6 /* Images.xcassets */,
			);
			path = YEDouYuZB;
			sourceTree = "<group>";
		};
		B4480EC41E4BFFD2003D9FA6 /* YEDouYuZBTests */ = {
			isa = PBXGroup;
			children = (
				B4480EC51E4BFFD2003D9FA6 /* YEDouYuZBTests.swift */,
				B4480EC71E4BFFD2003D9FA6 /* Info.plist */,
			);
			path = YEDouYuZBTests;
			sourceTree = "<group>";
		};
		B4480ECF1E4BFFD2003D9FA6 /* YEDouYuZBUITests */ = {
			isa = PBXGroup;
			children = (
				B4480ED01E4BFFD2003D9FA6 /* YEDouYuZBUITests.swift */,
				B4480ED21E4BFFD2003D9FA6 /* Info.plist */,
			);
			path = YEDouYuZBUITests;
			sourceTree = "<group>";
		};
		B4480EEC1E4C0715003D9FA6 /* Discover */ = {
			isa = PBXGroup;
			children = (
				B4480EEE1E4C0715003D9FA6 /* Models */,
				B4480EEF1E4C0715003D9FA6 /* Views */,
				B4480EED1E4C0715003D9FA6 /* Controller */,
			);
			path = Discover;
			sourceTree = "<group>";
		};
		B4480EED1E4C0715003D9FA6 /* Controller */ = {
			isa = PBXGroup;
			children = (
				B47CCBDD1E94906400BDBF2F /* Discover.storyboard */,
			);
			path = Controller;
			sourceTree = "<group>";
		};
		B4480EEE1E4C0715003D9FA6 /* Models */ = {
			isa = PBXGroup;
			children = (
			);
			path = Models;
			sourceTree = "<group>";
		};
		B4480EEF1E4C0715003D9FA6 /* Views */ = {
			isa = PBXGroup;
			children = (
			);
			path = Views;
			sourceTree = "<group>";
		};
		B4480EF01E4C0715003D9FA6 /* Home */ = {
			isa = PBXGroup;
			children = (
				B4956A9B1E52E730006BE5ED /* ViewModels */,
				B4480EF21E4C0715003D9FA6 /* Models */,
				B4480EF31E4C0715003D9FA6 /* Views */,
				B4480EF11E4C0715003D9FA6 /* Controller */,
			);
			path = Home;
			sourceTree = "<group>";
		};
		B4480EF11E4C0715003D9FA6 /* Controller */ = {
			isa = PBXGroup;
			children = (
				B4480EDE1E4C0227003D9FA6 /* Home.storyboard */,
				B4480F031E4C14CF003D9FA6 /* Root_HomeViewController.swift */,
				B4D0935B1E4DA7C4006F63DB /* RecommendViewController.swift */,
				B4D0935D1E4DA7D5006F63DB /* GameViewController.swift */,
				B4D0935F1E4DA936006F63DB /* AmuseViewController.swift */,
				B4D093611E4DA949006F63DB /* FunnyViewController.swift */,
			);
			path = Controller;
			sourceTree = "<group>";
		};
		B4480EF21E4C0715003D9FA6 /* Models */ = {
			isa = PBXGroup;
			children = (
				B46977441E53F52A005078B9 /* CycleModel.swift */,
				B46977461E53F539005078B9 /* GameModel.swift */,
			);
			path = Models;
			sourceTree = "<group>";
		};
		B4480EF31E4C0715003D9FA6 /* Views */ = {
			isa = PBXGroup;
			children = (
				B48F534A1E55A51500496C54 /* CollectionHeaderView.swift */,
				B48F534B1E55A51500496C54 /* CollectionHeaderView.xib */,
				B44457691E8E01B700489431 /* RecommendCycleView.swift */,
				B444576B1E8E01D200489431 /* RecommendCycleView.xib */,
				B444576D1E8E026400489431 /* CollectionCycleCell.swift */,
				B444576E1E8E026400489431 /* CollectionCycleCell.xib */,
				B47766011E8E370800270ED8 /* RecommendGameView.swift */,
				B47766031E8E371800270ED8 /* RecommendGameView.xib */,
				B47766071E8E37CC00270ED8 /* CollectionGameCell.swift */,
				B47766081E8E37CC00270ED8 /* CollectionGameCell.xib */,
				B4209C581E8F964200030408 /* AmuseHeadView.swift */,
				B4209C5A1E8F965000030408 /* AmuseHeadView.xib */,
				B4209C5C1E8F967600030408 /* CollectionAmuseHeadCell.swift */,
				B4209C5D1E8F967600030408 /* CollectionAmuseHeadCell.xib */,
			);
			path = Views;
			sourceTree = "<group>";
		};
		B4480EF41E4C0715003D9FA6 /* Live */ = {
			isa = PBXGroup;
			children = (
				B44393961ED52CD500F285F1 /* ViewModels */,
				B44393991ED52CD500F285F1 /* Views */,
				B44393971ED52CD500F285F1 /* Models */,
				B44393981ED52CD500F285F1 /* Controlls */,
			);
			path = Live;
			sourceTree = "<group>";
		};
		B4480EF81E4C0715003D9FA6 /* Main */ = {
			isa = PBXGroup;
			children = (
				B46977391E53E7A5005078B9 /* ViewModels */,
				B4480EFA1E4C0715003D9FA6 /* Models */,
				B4480EFB1E4C0715003D9FA6 /* Views */,
				B4480EF91E4C0715003D9FA6 /* Controller */,
			);
			path = Main;
			sourceTree = "<group>";
		};
		B4480EF91E4C0715003D9FA6 /* Controller */ = {
			isa = PBXGroup;
			children = (
				B4480EB11E4BFFD1003D9FA6 /* Main.storyboard */,
				B4480F011E4C0864003D9FA6 /* MainViewController.swift */,
				B49405BC1E543A8D009C1CBD /* BaseViewController.swift */,
				B49405BE1E543AA8009C1CBD /* BaseAnchorViewController.swift */,
				B49405C01E543ADE009C1CBD /* CustomNavigationController.swift */,
			);
			path = Controller;
			sourceTree = "<group>";
		};
		B4480EFA1E4C0715003D9FA6 /* Models */ = {
			isa = PBXGroup;
			children = (
				B469773C1E53E7D6005078B9 /* BaseGameModel.swift */,
				B469773E1E53E7EF005078B9 /* AnchorGroup.swift */,
				B46977401E53E7FF005078B9 /* AnchorModel.swift */,
			);
			path = Models;
			sourceTree = "<group>";
		};
		B4480EFB1E4C0715003D9FA6 /* Views */ = {
			isa = PBXGroup;
			children = (
				B4D093571E4D53B7006F63DB /* PageTitleView.swift */,
				B4D093591E4D53D3006F63DB /* PageContentView.swift */,
				B46B85D61E8CF350006534F9 /* CollectionNormalCell.swift */,
				B46B85D71E8CF350006534F9 /* CollectionNormalCell.xib */,
				B46B85DA1E8CF36E006534F9 /* CollectionPrettyCell.swift */,
				B46B85DB1E8CF36E006534F9 /* CollectionPrettyCell.xib */,
				B46B85DE1E8CF88C006534F9 /* CollectionBaseCell.swift */,
			);
			path = Views;
			sourceTree = "<group>";
		};
		B4480EFC1E4C0715003D9FA6 /* Profile */ = {
			isa = PBXGroup;
			children = (
				B4480EFE1E4C0715003D9FA6 /* Models */,
				B4480EFF1E4C0715003D9FA6 /* Views */,
				B4480EFD1E4C0715003D9FA6 /* Controller */,
			);
			path = Profile;
			sourceTree = "<group>";
		};
		B4480EFD1E4C0715003D9FA6 /* Controller */ = {
			isa = PBXGroup;
			children = (
				B47CCBE01E94906E00BDBF2F /* Profile.storyboard */,
			);
			path = Controller;
			sourceTree = "<group>";
		};
		B4480EFE1E4C0715003D9FA6 /* Models */ = {
			isa = PBXGroup;
			children = (
			);
			path = Models;
			sourceTree = "<group>";
		};
		B4480EFF1E4C0715003D9FA6 /* Views */ = {
			isa = PBXGroup;
			children = (
			);
			path = Views;
			sourceTree = "<group>";
		};
		B4480F001E4C0715003D9FA6 /* Tools */ = {
			isa = PBXGroup;
			children = (
				B475877F1ED6841C009B5887 /* YEAnimationTool.swift */,
				B4D093551E4D52FA006F63DB /* Common.swift */,
				B4365C291E51A3F2009F5237 /* NetworkTools.swift */,
			);
			path = Tools;
			sourceTree = "<group>";
		};
		B4480F051E4C1661003D9FA6 /* Siwft_Category */ = {
			isa = PBXGroup;
			children = (
				B4480F061E4C1662003D9FA6 /* NS_Prefix */,
				B4480F071E4C1662003D9FA6 /* UI_Prefix */,
			);
			path = Siwft_Category;
			sourceTree = "<group>";
		};
		B4480F061E4C1662003D9FA6 /* NS_Prefix */ = {
			isa = PBXGroup;
			children = (
				B4D093531E4D5183006F63DB /* NSDate+Extension.swift */,
			);
			path = NS_Prefix;
			sourceTree = "<group>";
		};
		B4480F071E4C1662003D9FA6 /* UI_Prefix */ = {
			isa = PBXGroup;
			children = (
				B4480F081E4C1698003D9FA6 /* UIBarButtonItem+Extension.swift */,
				B4D093511E4D5161006F63DB /* UIColor+Extension.swift */,
			);
			path = UI_Prefix;
			sourceTree = "<group>";
		};
		B449E6642F37D0F7B831C874 /* Frameworks */ = {
			isa = PBXGroup;
			children = (
				B4A3FA2D1ED7D66C00C51236 /* libc++.1.dylib */,
				B475872B1ED672F4009B5887 /* MediaPlayer.framework */,
				B47587291ED672E1009B5887 /* AudioToolbox.framework */,
				B47587271ED672D7009B5887 /* VideoToolbox.framework */,
				B47587251ED672CC009B5887 /* libz.tbd */,
				B47587231ED672BC009B5887 /* libbz2.tbd */,
				B462A0091ED66B5E00D68BE5 /* Alamofire.framework */,
				B462A0071ED66B5800D68BE5 /* SwiftyJSON.framework */,
				B462A0051ED66B5100D68BE5 /* LFLiveKit.framework */,
				88050EC0EFFA08F90D477660 /* Pods_YEDouYuZB.framework */,
				9530FB48084B55256EA1EC84 /* Pods_YEDouYuZBTests.framework */,
				B310A777F646D70BF65F2B38 /* Pods_YEDouYuZBUITests.framework */,
			);
			name = Frameworks;
			sourceTree = "<group>";
		};
		B462A0001ED66A0800D68BE5 /* Other */ = {
			isa = PBXGroup;
			children = (
				B462A0021ED66A0800D68BE5 /* YEDomain.bundle */,
			);
			path = Other;
			sourceTree = "<group>";
		};
		B46977391E53E7A5005078B9 /* ViewModels */ = {
			isa = PBXGroup;
			children = (
				B469773A1E53E7BE005078B9 /* BaseViewModel.swift */,
			);
			path = ViewModels;
			sourceTree = "<group>";
		};
		B47CCBE31E9490B500BDBF2F /* Room */ = {
			isa = PBXGroup;
			children = (
				B47CCBE41E9490F600BDBF2F /* RoomShowViewController.swift */,
				B47CCBE61E94911300BDBF2F /* RoomNormalViewController.swift */,
			);
			path = Room;
			sourceTree = "<group>";
		};
		B4956A9B1E52E730006BE5ED /* ViewModels */ = {
			isa = PBXGroup;
			children = (
				B46977421E53E88B005078B9 /* RecommendViewModel.swift */,
				B4209C521E8F523C00030408 /* GameViewModel.swift */,
				B4209C541E8F8E5100030408 /* AmuseViewModel.swift */,
				B4209C561E8F8E5F00030408 /* FunnyViewModel.swift */,
			);
			path = ViewModels;
			sourceTree = "<group>";
		};
/* End PBXGroup section */

/* Begin PBXNativeTarget section */
		B4480EA91E4BFFD1003D9FA6 /* YEDouYuZB */ = {
			isa = PBXNativeTarget;
			buildConfigurationList = B4480ED51E4BFFD2003D9FA6 /* Build configuration list for PBXNativeTarget "YEDouYuZB" */;
			buildPhases = (
				0C8C16F2CA89C636356055E6 /* [CP] Check Pods Manifest.lock */,
				B4480EA61E4BFFD1003D9FA6 /* Sources */,
				B4480EA71E4BFFD1003D9FA6 /* Frameworks */,
				B4480EA81E4BFFD1003D9FA6 /* Resources */,
				5BD44681A0A970FA6850B216 /* [CP] Embed Pods Frameworks */,
				338E60F2F516F50E30023A18 /* [CP] Copy Pods Resources */,
			);
			buildRules = (
			);
			dependencies = (
			);
			name = YEDouYuZB;
			productName = YEDouYuZB;
			productReference = B4480EAA1E4BFFD1003D9FA6 /* YEDouYuZB.app */;
			productType = "com.apple.product-type.application";
		};
		B4480EC01E4BFFD2003D9FA6 /* YEDouYuZBTests */ = {
			isa = PBXNativeTarget;
			buildConfigurationList = B4480ED81E4BFFD2003D9FA6 /* Build configuration list for PBXNativeTarget "YEDouYuZBTests" */;
			buildPhases = (
				B4480EBD1E4BFFD2003D9FA6 /* Sources */,
				B4480EBE1E4BFFD2003D9FA6 /* Frameworks */,
				B4480EBF1E4BFFD2003D9FA6 /* Resources */,
			);
			buildRules = (
			);
			dependencies = (
				B4480EC31E4BFFD2003D9FA6 /* PBXTargetDependency */,
			);
			name = YEDouYuZBTests;
			productName = YEDouYuZBTests;
			productReference = B4480EC11E4BFFD2003D9FA6 /* YEDouYuZBTests.xctest */;
			productType = "com.apple.product-type.bundle.unit-test";
		};
		B4480ECB1E4BFFD2003D9FA6 /* YEDouYuZBUITests */ = {
			isa = PBXNativeTarget;
			buildConfigurationList = B4480EDB1E4BFFD2003D9FA6 /* Build configuration list for PBXNativeTarget "YEDouYuZBUITests" */;
			buildPhases = (
				B4480EC81E4BFFD2003D9FA6 /* Sources */,
				B4480EC91E4BFFD2003D9FA6 /* Frameworks */,
				B4480ECA1E4BFFD2003D9FA6 /* Resources */,
			);
			buildRules = (
			);
			dependencies = (
				B4480ECE1E4BFFD2003D9FA6 /* PBXTargetDependency */,
			);
			name = YEDouYuZBUITests;
			productName = YEDouYuZBUITests;
			productReference = B4480ECC1E4BFFD2003D9FA6 /* YEDouYuZBUITests.xctest */;
			productType = "com.apple.product-type.bundle.ui-testing";
		};
/* End PBXNativeTarget section */

/* Begin PBXProject section */
		B4480EA21E4BFFD1003D9FA6 /* Project object */ = {
			isa = PBXProject;
			attributes = {
				LastSwiftUpdateCheck = 0820;
				LastUpgradeCheck = 0820;
				ORGANIZATIONNAME = yongen;
				TargetAttributes = {
					B4480EA91E4BFFD1003D9FA6 = {
						CreatedOnToolsVersion = 8.2;
						DevelopmentTeam = 4BKR5AQD46;
						LastSwiftMigration = 0830;
						ProvisioningStyle = Automatic;
					};
					B4480EC01E4BFFD2003D9FA6 = {
						CreatedOnToolsVersion = 8.2;
						ProvisioningStyle = Automatic;
						TestTargetID = B4480EA91E4BFFD1003D9FA6;
					};
					B4480ECB1E4BFFD2003D9FA6 = {
						CreatedOnToolsVersion = 8.2;
						ProvisioningStyle = Automatic;
						TestTargetID = B4480EA91E4BFFD1003D9FA6;
					};
				};
			};
			buildConfigurationList = B4480EA51E4BFFD1003D9FA6 /* Build configuration list for PBXProject "YEDouYuZB" */;
			compatibilityVersion = "Xcode 3.2";
			developmentRegion = English;
			hasScannedForEncodings = 0;
			knownRegions = (
				en,
				Base,
			);
			mainGroup = B4480EA11E4BFFD1003D9FA6;
			productRefGroup = B4480EAB1E4BFFD1003D9FA6 /* Products */;
			projectDirPath = "";
			projectRoot = "";
			targets = (
				B4480EA91E4BFFD1003D9FA6 /* YEDouYuZB */,
				B4480EC01E4BFFD2003D9FA6 /* YEDouYuZBTests */,
				B4480ECB1E4BFFD2003D9FA6 /* YEDouYuZBUITests */,
			);
		};
/* End PBXProject section */

/* Begin PBXResourcesBuildPhase section */
		B4480EA81E4BFFD1003D9FA6 /* Resources */ = {
			isa = PBXResourcesBuildPhase;
			buildActionMask = 2147483647;
			files = (
				B4480EBB1E4BFFD2003D9FA6 /* LaunchScreen.storyboard in Resources */,
				B4480EEB1E4C0487003D9FA6 /* Images.xcassets in Resources */,
				B477660A1E8E37CC00270ED8 /* CollectionGameCell.xib in Resources */,
				B46B85D91E8CF350006534F9 /* CollectionNormalCell.xib in Resources */,
				B443939F1ED537E400F285F1 /* LiveListViewCell.xib in Resources */,
				B4480EB81E4BFFD2003D9FA6 /* Assets.xcassets in Resources */,
				B4480EB31E4BFFD1003D9FA6 /* Main.storyboard in Resources */,
				B47766041E8E371800270ED8 /* RecommendGameView.xib in Resources */,
				B4480EE01E4C0227003D9FA6 /* Home.storyboard in Resources */,
				B47CCBDC1E94905900BDBF2F /* Live.storyboard in Resources */,
				B475877E1ED6821C009B5887 /* LiveTopCollectionViewCell.xib in Resources */,
				B47CCBDF1E94906400BDBF2F /* Discover.storyboard in Resources */,
				B4209C5B1E8F965000030408 /* AmuseHeadView.xib in Resources */,
				B444576C1E8E01D200489431 /* RecommendCycleView.xib in Resources */,
				B46B85DD1E8CF36E006534F9 /* CollectionPrettyCell.xib in Resources */,
				B47CCBE21E94906E00BDBF2F /* Profile.storyboard in Resources */,
				B4209C5F1E8F967600030408 /* CollectionAmuseHeadCell.xib in Resources */,
				B44457701E8E026400489431 /* CollectionCycleCell.xib in Resources */,
				B462A0041ED66A0800D68BE5 /* YEDomain.bundle in Resources */,
				B40AED8C1ED58AC5008ED334 /* LiveTopView.xib in Resources */,
				B48F534D1E55A51500496C54 /* CollectionHeaderView.xib in Resources */,
			);
			runOnlyForDeploymentPostprocessing = 0;
		};
		B4480EBF1E4BFFD2003D9FA6 /* Resources */ = {
			isa = PBXResourcesBuildPhase;
			buildActionMask = 2147483647;
			files = (
			);
			runOnlyForDeploymentPostprocessing = 0;
		};
		B4480ECA1E4BFFD2003D9FA6 /* Resources */ = {
			isa = PBXResourcesBuildPhase;
			buildActionMask = 2147483647;
			files = (
			);
			runOnlyForDeploymentPostprocessing = 0;
		};
/* End PBXResourcesBuildPhase section */

/* Begin PBXShellScriptBuildPhase section */
		0C8C16F2CA89C636356055E6 /* [CP] Check Pods Manifest.lock */ = {
			isa = PBXShellScriptBuildPhase;
			buildActionMask = 2147483647;
			files = (
			);
			inputPaths = (
			);
			name = "[CP] Check Pods Manifest.lock";
			outputPaths = (
			);
			runOnlyForDeploymentPostprocessing = 0;
			shellPath = /bin/sh;
			shellScript = "diff \"${PODS_PODFILE_DIR_PATH}/Podfile.lock\" \"${PODS_ROOT}/Manifest.lock\" > /dev/null\nif [ $? != 0 ] ; then\n    # print error to STDERR\n    echo \"error: The sandbox is not in sync with the Podfile.lock. Run 'pod install' or update your CocoaPods installation.\" >&2\n    exit 1\nfi\n";
			showEnvVarsInLog = 0;
		};
		338E60F2F516F50E30023A18 /* [CP] Copy Pods Resources */ = {
			isa = PBXShellScriptBuildPhase;
			buildActionMask = 2147483647;
			files = (
			);
			inputPaths = (
			);
			name = "[CP] Copy Pods Resources";
			outputPaths = (
			);
			runOnlyForDeploymentPostprocessing = 0;
			shellPath = /bin/sh;
			shellScript = "\"${SRCROOT}/Pods/Target Support Files/Pods-YEDouYuZB/Pods-YEDouYuZB-resources.sh\"\n";
			showEnvVarsInLog = 0;
		};
		5BD44681A0A970FA6850B216 /* [CP] Embed Pods Frameworks */ = {
			isa = PBXShellScriptBuildPhase;
			buildActionMask = 2147483647;
			files = (
			);
			inputPaths = (
			);
			name = "[CP] Embed Pods Frameworks";
			outputPaths = (
			);
			runOnlyForDeploymentPostprocessing = 0;
			shellPath = /bin/sh;
			shellScript = "\"${SRCROOT}/Pods/Target Support Files/Pods-YEDouYuZB/Pods-YEDouYuZB-frameworks.sh\"\n";
			showEnvVarsInLog = 0;
		};
/* End PBXShellScriptBuildPhase section */

/* Begin PBXSourcesBuildPhase section */
		B4480EA61E4BFFD1003D9FA6 /* Sources */ = {
			isa = PBXSourcesBuildPhase;
			buildActionMask = 2147483647;
			files = (
				B4D093561E4D52FA006F63DB /* Common.swift in Sources */,
				B47766021E8E370800270ED8 /* RecommendGameView.swift in Sources */,
				B4480F021E4C0864003D9FA6 /* MainViewController.swift in Sources */,
				B47587801ED6841C009B5887 /* YEAnimationTool.swift in Sources */,
				B46977411E53E7FF005078B9 /* AnchorModel.swift in Sources */,
				B49405BD1E543A8D009C1CBD /* BaseViewController.swift in Sources */,
				B47CCBE51E9490F600BDBF2F /* RoomShowViewController.swift in Sources */,
				B443939E1ED537E400F285F1 /* LiveListViewCell.swift in Sources */,
				B4480EB61E4BFFD2003D9FA6 /* YEDouYuZB.xcdatamodeld in Sources */,
				B4D093621E4DA949006F63DB /* FunnyViewController.swift in Sources */,
				B444576F1E8E026400489431 /* CollectionCycleCell.swift in Sources */,
				B49405BF1E543AA8009C1CBD /* BaseAnchorViewController.swift in Sources */,
				B475877D1ED6821C009B5887 /* LiveTopCollectionViewCell.swift in Sources */,
				B4D0935A1E4D53D3006F63DB /* PageContentView.swift in Sources */,
				B46977451E53F52A005078B9 /* CycleModel.swift in Sources */,
				B469773D1E53E7D6005078B9 /* BaseGameModel.swift in Sources */,
				B469773F1E53E7EF005078B9 /* AnchorGroup.swift in Sources */,
				B4209C591E8F964200030408 /* AmuseHeadView.swift in Sources */,
				B469773B1E53E7BE005078B9 /* BaseViewModel.swift in Sources */,
				B4209C5E1E8F967600030408 /* CollectionAmuseHeadCell.swift in Sources */,
				B4D0935E1E4DA7D5006F63DB /* GameViewController.swift in Sources */,
				B46B85DC1E8CF36E006534F9 /* CollectionPrettyCell.swift in Sources */,
				B4209C551E8F8E5100030408 /* AmuseViewModel.swift in Sources */,
				B40AED831ED5868F008ED334 /* Live_DetailViewController.swift in Sources */,
				B4480F091E4C1698003D9FA6 /* UIBarButtonItem+Extension.swift in Sources */,
				B4D093521E4D5161006F63DB /* UIColor+Extension.swift in Sources */,
				B4365C2A1E51A3F2009F5237 /* NetworkTools.swift in Sources */,
				B46B85D81E8CF350006534F9 /* CollectionNormalCell.swift in Sources */,
				B49405C11E543ADE009C1CBD /* CustomNavigationController.swift in Sources */,
				B46977431E53E88B005078B9 /* RecommendViewModel.swift in Sources */,
				B4480EAE1E4BFFD1003D9FA6 /* AppDelegate.swift in Sources */,
				B4D093601E4DA936006F63DB /* AmuseViewController.swift in Sources */,
				B4209C531E8F523C00030408 /* GameViewModel.swift in Sources */,
				B475877A1ED681E4009B5887 /* LiveTopCollectionView.swift in Sources */,
				B4D093581E4D53B7006F63DB /* PageTitleView.swift in Sources */,
				B443939B1ED52D0900F285F1 /* Root_LiveViewController.swift in Sources */,
				B4480F041E4C14CF003D9FA6 /* Root_HomeViewController.swift in Sources */,
				B47766091E8E37CC00270ED8 /* CollectionGameCell.swift in Sources */,
				B40AED811ED567E0008ED334 /* LiveViewModel.swift in Sources */,
				B4D093541E4D5183006F63DB /* NSDate+Extension.swift in Sources */,
				B48F534C1E55A51500496C54 /* CollectionHeaderView.swift in Sources */,
				B4209C571E8F8E5F00030408 /* FunnyViewModel.swift in Sources */,
				B444576A1E8E01B700489431 /* RecommendCycleView.swift in Sources */,
				B4D0935C1E4DA7C4006F63DB /* RecommendViewController.swift in Sources */,
				B46B85DF1E8CF88C006534F9 /* CollectionBaseCell.swift in Sources */,
				B40AED8A1ED58AB1008ED334 /* LiveTopView.swift in Sources */,
				B47CCBE71E94911300BDBF2F /* RoomNormalViewController.swift in Sources */,
				B46977471E53F539005078B9 /* GameModel.swift in Sources */,
				B40AED7F1ED567BF008ED334 /* LiveModel.swift in Sources */,
			);
			runOnlyForDeploymentPostprocessing = 0;
		};
		B4480EBD1E4BFFD2003D9FA6 /* Sources */ = {
			isa = PBXSourcesBuildPhase;
			buildActionMask = 2147483647;
			files = (
				B4480EC61E4BFFD2003D9FA6 /* YEDouYuZBTests.swift in Sources */,
			);
			runOnlyForDeploymentPostprocessing = 0;
		};
		B4480EC81E4BFFD2003D9FA6 /* Sources */ = {
			isa = PBXSourcesBuildPhase;
			buildActionMask = 2147483647;
			files = (
				B4480ED11E4BFFD2003D9FA6 /* YEDouYuZBUITests.swift in Sources */,
			);
			runOnlyForDeploymentPostprocessing = 0;
		};
/* End PBXSourcesBuildPhase section */

/* Begin PBXTargetDependency section */
		B4480EC31E4BFFD2003D9FA6 /* PBXTargetDependency */ = {
			isa = PBXTargetDependency;
			target = B4480EA91E4BFFD1003D9FA6 /* YEDouYuZB */;
			targetProxy = B4480EC21E4BFFD2003D9FA6 /* PBXContainerItemProxy */;
		};
		B4480ECE1E4BFFD2003D9FA6 /* PBXTargetDependency */ = {
			isa = PBXTargetDependency;
			target = B4480EA91E4BFFD1003D9FA6 /* YEDouYuZB */;
			targetProxy = B4480ECD1E4BFFD2003D9FA6 /* PBXContainerItemProxy */;
		};
/* End PBXTargetDependency section */

/* Begin PBXVariantGroup section */
		B4480EB11E4BFFD1003D9FA6 /* Main.storyboard */ = {
			isa = PBXVariantGroup;
			children = (
				B4480EB21E4BFFD1003D9FA6 /* Base */,
			);
			name = Main.storyboard;
			path = ../..;
			sourceTree = "<group>";
		};
		B4480EB91E4BFFD2003D9FA6 /* LaunchScreen.storyboard */ = {
			isa = PBXVariantGroup;
			children = (
				B4480EBA1E4BFFD2003D9FA6 /* Base */,
			);
			name = LaunchScreen.storyboard;
			sourceTree = "<group>";
		};
		B4480EDE1E4C0227003D9FA6 /* Home.storyboard */ = {
			isa = PBXVariantGroup;
			children = (
				B4480EDF1E4C0227003D9FA6 /* Base */,
			);
			name = Home.storyboard;
			path = ../..;
			sourceTree = "<group>";
		};
		B47CCBDA1E94905900BDBF2F /* Live.storyboard */ = {
			isa = PBXVariantGroup;
			children = (
				B47CCBDB1E94905900BDBF2F /* Base */,
			);
			name = Live.storyboard;
			path = ../Controller;
			sourceTree = "<group>";
		};
		B47CCBDD1E94906400BDBF2F /* Discover.storyboard */ = {
			isa = PBXVariantGroup;
			children = (
				B47CCBDE1E94906400BDBF2F /* Base */,
			);
			name = Discover.storyboard;
			sourceTree = "<group>";
		};
		B47CCBE01E94906E00BDBF2F /* Profile.storyboard */ = {
			isa = PBXVariantGroup;
			children = (
				B47CCBE11E94906E00BDBF2F /* Base */,
			);
			name = Profile.storyboard;
			sourceTree = "<group>";
		};
/* End PBXVariantGroup section */

/* Begin XCBuildConfiguration section */
		B4480ED31E4BFFD2003D9FA6 /* Debug */ = {
			isa = XCBuildConfiguration;
			buildSettings = {
				ALWAYS_SEARCH_USER_PATHS = NO;
				CLANG_ANALYZER_NONNULL = YES;
				CLANG_CXX_LANGUAGE_STANDARD = "gnu++0x";
				CLANG_CXX_LIBRARY = "libc++";
				CLANG_ENABLE_MODULES = YES;
				CLANG_ENABLE_OBJC_ARC = YES;
				CLANG_WARN_BOOL_CONVERSION = YES;
				CLANG_WARN_CONSTANT_CONVERSION = YES;
				CLANG_WARN_DIRECT_OBJC_ISA_USAGE = YES_ERROR;
				CLANG_WARN_DOCUMENTATION_COMMENTS = YES;
				CLANG_WARN_EMPTY_BODY = YES;
				CLANG_WARN_ENUM_CONVERSION = YES;
				CLANG_WARN_INFINITE_RECURSION = YES;
				CLANG_WARN_INT_CONVERSION = YES;
				CLANG_WARN_OBJC_ROOT_CLASS = YES_ERROR;
				CLANG_WARN_SUSPICIOUS_MOVE = YES;
				CLANG_WARN_UNREACHABLE_CODE = YES;
				CLANG_WARN__DUPLICATE_METHOD_MATCH = YES;
				"CODE_SIGN_IDENTITY[sdk=iphoneos*]" = "iPhone Developer";
				COPY_PHASE_STRIP = NO;
				DEBUG_INFORMATION_FORMAT = dwarf;
				ENABLE_STRICT_OBJC_MSGSEND = YES;
				ENABLE_TESTABILITY = YES;
				GCC_C_LANGUAGE_STANDARD = gnu99;
				GCC_DYNAMIC_NO_PIC = NO;
				GCC_NO_COMMON_BLOCKS = YES;
				GCC_OPTIMIZATION_LEVEL = 0;
				GCC_PREPROCESSOR_DEFINITIONS = (
					"DEBUG=1",
					"$(inherited)",
				);
				GCC_WARN_64_TO_32_BIT_CONVERSION = YES;
				GCC_WARN_ABOUT_RETURN_TYPE = YES_ERROR;
				GCC_WARN_UNDECLARED_SELECTOR = YES;
				GCC_WARN_UNINITIALIZED_AUTOS = YES_AGGRESSIVE;
				GCC_WARN_UNUSED_FUNCTION = YES;
				GCC_WARN_UNUSED_VARIABLE = YES;
				IPHONEOS_DEPLOYMENT_TARGET = 10.2;
				MTL_ENABLE_DEBUG_INFO = YES;
				ONLY_ACTIVE_ARCH = YES;
				SDKROOT = iphoneos;
				SWIFT_ACTIVE_COMPILATION_CONDITIONS = DEBUG;
				SWIFT_OPTIMIZATION_LEVEL = "-Onone";
			};
			name = Debug;
		};
		B4480ED41E4BFFD2003D9FA6 /* Release */ = {
			isa = XCBuildConfiguration;
			buildSettings = {
				ALWAYS_SEARCH_USER_PATHS = NO;
				CLANG_ANALYZER_NONNULL = YES;
				CLANG_CXX_LANGUAGE_STANDARD = "gnu++0x";
				CLANG_CXX_LIBRARY = "libc++";
				CLANG_ENABLE_MODULES = YES;
				CLANG_ENABLE_OBJC_ARC = YES;
				CLANG_WARN_BOOL_CONVERSION = YES;
				CLANG_WARN_CONSTANT_CONVERSION = YES;
				CLANG_WARN_DIRECT_OBJC_ISA_USAGE = YES_ERROR;
				CLANG_WARN_DOCUMENTATION_COMMENTS = YES;
				CLANG_WARN_EMPTY_BODY = YES;
				CLANG_WARN_ENUM_CONVERSION = YES;
				CLANG_WARN_INFINITE_RECURSION = YES;
				CLANG_WARN_INT_CONVERSION = YES;
				CLANG_WARN_OBJC_ROOT_CLASS = YES_ERROR;
				CLANG_WARN_SUSPICIOUS_MOVE = YES;
				CLANG_WARN_UNREACHABLE_CODE = YES;
				CLANG_WARN__DUPLICATE_METHOD_MATCH = YES;
				"CODE_SIGN_IDENTITY[sdk=iphoneos*]" = "iPhone Developer";
				COPY_PHASE_STRIP = NO;
				DEBUG_INFORMATION_FORMAT = "dwarf-with-dsym";
				ENABLE_NS_ASSERTIONS = NO;
				ENABLE_STRICT_OBJC_MSGSEND = YES;
				GCC_C_LANGUAGE_STANDARD = gnu99;
				GCC_NO_COMMON_BLOCKS = YES;
				GCC_WARN_64_TO_32_BIT_CONVERSION = YES;
				GCC_WARN_ABOUT_RETURN_TYPE = YES_ERROR;
				GCC_WARN_UNDECLARED_SELECTOR = YES;
				GCC_WARN_UNINITIALIZED_AUTOS = YES_AGGRESSIVE;
				GCC_WARN_UNUSED_FUNCTION = YES;
				GCC_WARN_UNUSED_VARIABLE = YES;
				IPHONEOS_DEPLOYMENT_TARGET = 10.2;
				MTL_ENABLE_DEBUG_INFO = NO;
				SDKROOT = iphoneos;
				SWIFT_OPTIMIZATION_LEVEL = "-Owholemodule";
				VALIDATE_PRODUCT = YES;
			};
			name = Release;
		};
		B4480ED61E4BFFD2003D9FA6 /* Debug */ = {
			isa = XCBuildConfiguration;
			baseConfigurationReference = 024D6DBCD3BDAD2C19F67512 /* Pods-YEDouYuZB.debug.xcconfig */;
			buildSettings = {
				ASSETCATALOG_COMPILER_APPICON_NAME = AppIcon;
				ASSETCATALOG_COMPILER_LAUNCHIMAGE_NAME = LaunchImage;
				CLANG_ENABLE_MODULES = YES;
				DEVELOPMENT_TEAM = 4BKR5AQD46;
				ENABLE_BITCODE = YES;
				FRAMEWORK_SEARCH_PATHS = (
					"$(inherited)",
					"$(PROJECT_DIR)/YEDouYuZB/Other",
				);
				INFOPLIST_FILE = YEDouYuZB/Info.plist;
				IPHONEOS_DEPLOYMENT_TARGET = 10.0;
				LD_RUNPATH_SEARCH_PATHS = "$(inherited) @executable_path/Frameworks";
				OTHER_LDFLAGS = (
					"$(inherited)",
					"-framework",
					"\"Alamofire\"",
					"-framework",
					"\"Kingfisher\"",
					"-framework",
					"\"LFLiveKit\"",
					"-framework",
					"\"MJRefresh\"",
					"-framework",
					"\"SwiftyJSON\"",
				);
				PRODUCT_BUNDLE_IDENTIFIER = yongen.YEDouYuZB;
				PRODUCT_NAME = "$(TARGET_NAME)";
				SWIFT_OBJC_BRIDGING_HEADER = "YEDouYuZB/Live/Controlls/YEDouYuZB-Bridging-Header.h";
				SWIFT_OPTIMIZATION_LEVEL = "-Onone";
				SWIFT_VERSION = 3.0;
				TARGETED_DEVICE_FAMILY = 1;
			};
			name = Debug;
		};
		B4480ED71E4BFFD2003D9FA6 /* Release */ = {
			isa = XCBuildConfiguration;
			baseConfigurationReference = 5ECC57B947BC1E6D2DC1C724 /* Pods-YEDouYuZB.release.xcconfig */;
			buildSettings = {
				ASSETCATALOG_COMPILER_APPICON_NAME = AppIcon;
				ASSETCATALOG_COMPILER_LAUNCHIMAGE_NAME = LaunchImage;
				CLANG_ENABLE_MODULES = YES;
				DEVELOPMENT_TEAM = 4BKR5AQD46;
				ENABLE_BITCODE = YES;
				FRAMEWORK_SEARCH_PATHS = (
					"$(inherited)",
					"$(PROJECT_DIR)/YEDouYuZB/Other",
				);
				INFOPLIST_FILE = YEDouYuZB/Info.plist;
				IPHONEOS_DEPLOYMENT_TARGET = 10.0;
				LD_RUNPATH_SEARCH_PATHS = "$(inherited) @executable_path/Frameworks";
				OTHER_LDFLAGS = (
					"$(inherited)",
					"-framework",
					"\"Alamofire\"",
					"-framework",
					"\"Kingfisher\"",
					"-framework",
					"\"LFLiveKit\"",
					"-framework",
					"\"MJRefresh\"",
					"-framework",
					"\"SwiftyJSON\"",
				);
				PRODUCT_BUNDLE_IDENTIFIER = yongen.YEDouYuZB;
				PRODUCT_NAME = "$(TARGET_NAME)";
				SWIFT_OBJC_BRIDGING_HEADER = "YEDouYuZB/Live/Controlls/YEDouYuZB-Bridging-Header.h";
				SWIFT_VERSION = 3.0;
				TARGETED_DEVICE_FAMILY = 1;
			};
			name = Release;
		};
		B4480ED91E4BFFD2003D9FA6 /* Debug */ = {
			isa = XCBuildConfiguration;
			buildSettings = {
				ALWAYS_EMBED_SWIFT_STANDARD_LIBRARIES = YES;
				BUNDLE_LOADER = "$(TEST_HOST)";
				INFOPLIST_FILE = YEDouYuZBTests/Info.plist;
				LD_RUNPATH_SEARCH_PATHS = "$(inherited) @executable_path/Frameworks @loader_path/Frameworks";
				PRODUCT_BUNDLE_IDENTIFIER = yongen.YEDouYuZBTests;
				PRODUCT_NAME = "$(TARGET_NAME)";
				SWIFT_VERSION = 3.0;
				TEST_HOST = "$(BUILT_PRODUCTS_DIR)/YEDouYuZB.app/YEDouYuZB";
			};
			name = Debug;
		};
		B4480EDA1E4BFFD2003D9FA6 /* Release */ = {
			isa = XCBuildConfiguration;
			buildSettings = {
				ALWAYS_EMBED_SWIFT_STANDARD_LIBRARIES = YES;
				BUNDLE_LOADER = "$(TEST_HOST)";
				INFOPLIST_FILE = YEDouYuZBTests/Info.plist;
				LD_RUNPATH_SEARCH_PATHS = "$(inherited) @executable_path/Frameworks @loader_path/Frameworks";
				PRODUCT_BUNDLE_IDENTIFIER = yongen.YEDouYuZBTests;
				PRODUCT_NAME = "$(TARGET_NAME)";
				SWIFT_VERSION = 3.0;
				TEST_HOST = "$(BUILT_PRODUCTS_DIR)/YEDouYuZB.app/YEDouYuZB";
			};
			name = Release;
		};
		B4480EDC1E4BFFD2003D9FA6 /* Debug */ = {
			isa = XCBuildConfiguration;
			buildSettings = {
				ALWAYS_EMBED_SWIFT_STANDARD_LIBRARIES = YES;
				INFOPLIST_FILE = YEDouYuZBUITests/Info.plist;
				LD_RUNPATH_SEARCH_PATHS = "$(inherited) @executable_path/Frameworks @loader_path/Frameworks";
				PRODUCT_BUNDLE_IDENTIFIER = yongen.YEDouYuZBUITests;
				PRODUCT_NAME = "$(TARGET_NAME)";
				SWIFT_VERSION = 3.0;
				TEST_TARGET_NAME = YEDouYuZB;
			};
			name = Debug;
		};
		B4480EDD1E4BFFD2003D9FA6 /* Release */ = {
			isa = XCBuildConfiguration;
			buildSettings = {
				ALWAYS_EMBED_SWIFT_STANDARD_LIBRARIES = YES;
				INFOPLIST_FILE = YEDouYuZBUITests/Info.plist;
				LD_RUNPATH_SEARCH_PATHS = "$(inherited) @executable_path/Frameworks @loader_path/Frameworks";
				PRODUCT_BUNDLE_IDENTIFIER = yongen.YEDouYuZBUITests;
				PRODUCT_NAME = "$(TARGET_NAME)";
				SWIFT_VERSION = 3.0;
				TEST_TARGET_NAME = YEDouYuZB;
			};
			name = Release;
		};
/* End XCBuildConfiguration section */

/* Begin XCConfigurationList section */
		B4480EA51E4BFFD1003D9FA6 /* Build configuration list for PBXProject "YEDouYuZB" */ = {
			isa = XCConfigurationList;
			buildConfigurations = (
				B4480ED31E4BFFD2003D9FA6 /* Debug */,
				B4480ED41E4BFFD2003D9FA6 /* Release */,
			);
			defaultConfigurationIsVisible = 0;
			defaultConfigurationName = Release;
		};
		B4480ED51E4BFFD2003D9FA6 /* Build configuration list for PBXNativeTarget "YEDouYuZB" */ = {
			isa = XCConfigurationList;
			buildConfigurations = (
				B4480ED61E4BFFD2003D9FA6 /* Debug */,
				B4480ED71E4BFFD2003D9FA6 /* Release */,
			);
			defaultConfigurationIsVisible = 0;
			defaultConfigurationName = Release;
		};
		B4480ED81E4BFFD2003D9FA6 /* Build configuration list for PBXNativeTarget "YEDouYuZBTests" */ = {
			isa = XCConfigurationList;
			buildConfigurations = (
				B4480ED91E4BFFD2003D9FA6 /* Debug */,
				B4480EDA1E4BFFD2003D9FA6 /* Release */,
			);
			defaultConfigurationIsVisible = 0;
			defaultConfigurationName = Release;
		};
		B4480EDB1E4BFFD2003D9FA6 /* Build configuration list for PBXNativeTarget "YEDouYuZBUITests" */ = {
			isa = XCConfigurationList;
			buildConfigurations = (
				B4480EDC1E4BFFD2003D9FA6 /* Debug */,
				B4480EDD1E4BFFD2003D9FA6 /* Release */,
			);
			defaultConfigurationIsVisible = 0;
			defaultConfigurationName = Release;
		};
/* End XCConfigurationList section */

/* Begin XCVersionGroup section */
		B4480EB41E4BFFD1003D9FA6 /* YEDouYuZB.xcdatamodeld */ = {
			isa = XCVersionGroup;
			children = (
				B4480EB51E4BFFD1003D9FA6 /* YEDouYuZB.xcdatamodel */,
			);
			currentVersion = B4480EB51E4BFFD1003D9FA6 /* YEDouYuZB.xcdatamodel */;
			path = YEDouYuZB.xcdatamodeld;
			sourceTree = "<group>";
			versionGroupType = wrapper.xcdatamodel;
		};
/* End XCVersionGroup section */
	};
	rootObject = B4480EA21E4BFFD1003D9FA6 /* Project object */;
}
